
Microsoft Visual Studio Solution File, Format Version 12.00
# Visual Studio Version 17
VisualStudioVersion = 17.12.35527.113
MinimumVisualStudioVersion = 10.0.40219.1
Project("{FAE04EC0-301F-11D3-BF4B-00C04F79EFBC}") = "RestaurantManagementSystem.API", "RestaurantManagementSystem.API\RestaurantManagementSystem.API.csproj", "{AE10AEDA-F41E-42CD-92DD-EF683C1EE723}"
EndProject
Project("{FAE04EC0-301F-11D3-BF4B-00C04F79EFBC}") = "RestaurantManagementSystem.Models", "RestaurantManagementSystem.Models\RestaurantManagementSystem.Models.csproj", "{CA216426-8864-4830-B9A7-631188B5A0E1}"
EndProject
Project("{FAE04EC0-301F-11D3-BF4B-00C04F79EFBC}") = "RestaurantManagementSystem.Test", "RestaurantManagementSystem.Test\RestaurantManagementSystem.Test.csproj", "{8C82724A-3720-40A3-A719-6C381A8A4BF2}"
EndProject
Project("{FAE04EC0-301F-11D3-BF4B-00C04F79EFBC}") = "RestaurantManagementSystem.Infrastructure", "RestaurantManagementSystem.Infrastructure\RestaurantManagementSystem.Infrastructure.csproj", "{43A5DDF9-349A-46EC-9876-9F477FF0F4CC}"
EndProject
Global
	GlobalSection(SolutionConfigurationPlatforms) = preSolution
		Debug|Any CPU = Debug|Any CPU
		Release|Any CPU = Release|Any CPU
	EndGlobalSection
	GlobalSection(ProjectConfigurationPlatforms) = postSolution
		{AE10AEDA-F41E-42CD-92DD-EF683C1EE723}.Debug|Any CPU.ActiveCfg = Debug|Any CPU
		{AE10AEDA-F41E-42CD-92DD-EF683C1EE723}.Debug|Any CPU.Build.0 = Debug|Any CPU
		{AE10AEDA-F41E-42CD-92DD-EF683C1EE723}.Release|Any CPU.ActiveCfg = Release|Any CPU
		{AE10AEDA-F41E-42CD-92DD-EF683C1EE723}.Release|Any CPU.Build.0 = Release|Any CPU
		{CA216426-8864-4830-B9A7-631188B5A0E1}.Debug|Any CPU.ActiveCfg = Debug|Any CPU
		{CA216426-8864-4830-B9A7-631188B5A0E1}.Debug|Any CPU.Build.0 = Debug|Any CPU
		{CA216426-8864-4830-B9A7-631188B5A0E1}.Release|Any CPU.ActiveCfg = Release|Any CPU
		{CA216426-8864-4830-B9A7-631188B5A0E1}.Release|Any CPU.Build.0 = Release|Any CPU
		{8C82724A-3720-40A3-A719-6C381A8A4BF2}.Debug|Any CPU.ActiveCfg = Debug|Any CPU
		{8C82724A-3720-40A3-A719-6C381A8A4BF2}.Debug|Any CPU.Build.0 = Debug|Any CPU
		{8C82724A-3720-40A3-A719-6C381A8A4BF2}.Release|Any CPU.ActiveCfg = Release|Any CPU
		{8C82724A-3720-40A3-A719-6C381A8A4BF2}.Release|Any CPU.Build.0 = Release|Any CPU
		{43A5DDF9-349A-46EC-9876-9F477FF0F4CC}.Debug|Any CPU.ActiveCfg = Debug|Any CPU
		{43A5DDF9-349A-46EC-9876-9F477FF0F4CC}.Debug|Any CPU.Build.0 = Debug|Any CPU
		{43A5DDF9-349A-46EC-9876-9F477FF0F4CC}.Release|Any CPU.ActiveCfg = Release|Any CPU
		{43A5DDF9-349A-46EC-9876-9F477FF0F4CC}.Release|Any CPU.Build.0 = Release|Any CPU
	EndGlobalSection
	GlobalSection(SolutionProperties) = preSolution
		HideSolutionNode = FALSE
	EndGlobalSection
EndGlobal
